
Microsoft Visual Studio Solution File, Format Version 12.00
# Visual Studio Version 17
VisualStudioVersion = 17.5.002.0
MinimumVisualStudioVersion = 10.0.40219.1
Project("{9A19103F-16F7-4668-BE54-9A1E7A4F7556}") = "GameStore.Client", "GameStore.Client.csproj", "{7071CB8E-CC33-40CE-9D5F-D403109D8676}"
EndProject
Global
	GlobalSection(SolutionConfigurationPlatforms) = preSolution
		Debug|Any CPU = Debug|Any CPU
		Release|Any CPU = Release|Any CPU
	EndGlobalSection
	GlobalSection(ProjectConfigurationPlatforms) = postSolution
		{7071CB8E-CC33-40CE-9D5F-D403109D8676}.Debug|Any CPU.ActiveCfg = Debug|Any CPU
		{7071CB8E-CC33-40CE-9D5F-D403109D8676}.Debug|Any CPU.Build.0 = Debug|Any CPU
		{7071CB8E-CC33-40CE-9D5F-D403109D8676}.Release|Any CPU.ActiveCfg = Release|Any CPU
		{7071CB8E-CC33-40CE-9D5F-D403109D8676}.Release|Any CPU.Build.0 = Release|Any CPU
	EndGlobalSection
	GlobalSection(SolutionProperties) = preSolution
		HideSolutionNode = FALSE
	EndGlobalSection
	GlobalSection(ExtensibilityGlobals) = postSolution
		SolutionGuid = {A3838055-1F79-4E69-B229-303C5AFEFEEC}
	EndGlobalSection
EndGlobal
